
Microsoft Visual Studio Solution File, Format Version 12.00
# Visual Studio 15
VisualStudioVersion = 15.0.26730.16
MinimumVisualStudioVersion = 10.0.40219.1
Project("{FAE04EC0-301F-11D3-BF4B-00C04F79EFBC}") = "Civilization-VI-Workshop", "Civilization-VI-Workshop\Civilization-VI-Workshop.csproj", "{F383C99A-2AEC-4170-9A19-F88362EAAE71}"
EndProject
Global
	GlobalSection(SolutionConfigurationPlatforms) = preSolution
		Debug|Any CPU = Debug|Any CPU
		Release|Any CPU = Release|Any CPU
	EndGlobalSection
	GlobalSection(ProjectConfigurationPlatforms) = postSolution
		{F383C99A-2AEC-4170-9A19-F88362EAAE71}.Debug|Any CPU.ActiveCfg = Debug|Any CPU
		{F383C99A-2AEC-4170-9A19-F88362EAAE71}.Debug|Any CPU.Build.0 = Debug|Any CPU
		{F383C99A-2AEC-4170-9A19-F88362EAAE71}.Release|Any CPU.ActiveCfg = Release|Any CPU
		{F383C99A-2AEC-4170-9A19-F88362EAAE71}.Release|Any CPU.Build.0 = Release|Any CPU
	EndGlobalSection
	GlobalSection(SolutionProperties) = preSolution
		HideSolutionNode = FALSE
	EndGlobalSection
	GlobalSection(ExtensibilityGlobals) = postSolution
		SolutionGuid = {1AF0BE6C-AA58-48DB-A3B4-30723A62D3F2}
	EndGlobalSection
EndGlobal
